// !$*UTF8*$!
{
	archiveVersion = 1;
	classes = {
	};
	objectVersion = 50;
	objects = {

/* Begin PBXBuildFile section */
		81B0C5CD2644A88C006AB209 /* FoodTextClassifier 1.mlmodel in Sources */ = {isa = PBXBuildFile; fileRef = 81B0C5BC2644A88C006AB209 /* FoodTextClassifier 1.mlmodel */; };
		81B0C5CE2644A88C006AB209 /* FoodImageClassifier 1.mlmodel in Sources */ = {isa = PBXBuildFile; fileRef = 81B0C5BD2644A88C006AB209 /* FoodImageClassifier 1.mlmodel */; };
		81B0C5CF2644A88C006AB209 /* ImageClassificationService.swift in Sources */ = {isa = PBXBuildFile; fileRef = 81B0C5BE2644A88C006AB209 /* ImageClassificationService.swift */; };
		81B0C5D02644A88C006AB209 /* Prediction.swift in Sources */ = {isa = PBXBuildFile; fileRef = 81B0C5BF2644A88C006AB209 /* Prediction.swift */; };
		81B0C5D12644A88C006AB209 /* ImageViewController.swift in Sources */ = {isa = PBXBuildFile; fileRef = 81B0C5C12644A88C006AB209 /* ImageViewController.swift */; };
		81B0C5D22644A88C006AB209 /* DataTableViewController.swift in Sources */ = {isa = PBXBuildFile; fileRef = 81B0C5C22644A88C006AB209 /* DataTableViewController.swift */; };
		81B0C5D32644A88C006AB209 /* TextViewController.swift in Sources */ = {isa = PBXBuildFile; fileRef = 81B0C5C32644A88C006AB209 /* TextViewController.swift */; };
		81B0C5D42644A88C006AB209 /* Main.storyboard in Resources */ = {isa = PBXBuildFile; fileRef = 81B0C5C42644A88C006AB209 /* Main.storyboard */; };
		81B0C5D52644A88C006AB209 /* CGImagePropertyOrientation+UIImageOrientation.swift in Sources */ = {isa = PBXBuildFile; fileRef = 81B0C5C72644A88C006AB209 /* CGImagePropertyOrientation+UIImageOrientation.swift */; };
		81B0C5D62644A88C006AB209 /* Assets.xcassets in Resources */ = {isa = PBXBuildFile; fileRef = 81B0C5C92644A88C006AB209 /* Assets.xcassets */; };
		81B0C5D72644A88C006AB209 /* LaunchScreen.storyboard in Resources */ = {isa = PBXBuildFile; fileRef = 81B0C5CA2644A88C006AB209 /* LaunchScreen.storyboard */; };
		81B0C5D82644A88C006AB209 /* AppDelegate.swift in Sources */ = {isa = PBXBuildFile; fileRef = 81B0C5CC2644A88C006AB209 /* AppDelegate.swift */; };
		81B0C5DB2644A8AC006AB209 /* Info.plist in Resources */ = {isa = PBXBuildFile; fileRef = 81B0C5DA2644A8AC006AB209 /* Info.plist */; };
/* End PBXBuildFile section */

/* Begin PBXFileReference section */
		81B0C5BC2644A88C006AB209 /* FoodTextClassifier 1.mlmodel */ = {isa = PBXFileReference; lastKnownFileType = file.mlmodel; path = "FoodTextClassifier 1.mlmodel"; sourceTree = "<group>"; };
		81B0C5BD2644A88C006AB209 /* FoodImageClassifier 1.mlmodel */ = {isa = PBXFileReference; lastKnownFileType = file.mlmodel; path = "FoodImageClassifier 1.mlmodel"; sourceTree = "<group>"; };
		81B0C5BE2644A88C006AB209 /* ImageClassificationService.swift */ = {isa = PBXFileReference; fileEncoding = 4; lastKnownFileType = sourcecode.swift; path = ImageClassificationService.swift; sourceTree = "<group>"; };
		81B0C5BF2644A88C006AB209 /* Prediction.swift */ = {isa = PBXFileReference; fileEncoding = 4; lastKnownFileType = sourcecode.swift; path = Prediction.swift; sourceTree = "<group>"; };
		81B0C5C12644A88C006AB209 /* ImageViewController.swift */ = {isa = PBXFileReference; fileEncoding = 4; lastKnownFileType = sourcecode.swift; path = ImageViewController.swift; sourceTree = "<group>"; };
		81B0C5C22644A88C006AB209 /* DataTableViewController.swift */ = {isa = PBXFileReference; fileEncoding = 4; lastKnownFileType = sourcecode.swift; path = DataTableViewController.swift; sourceTree = "<group>"; };
		81B0C5C32644A88C006AB209 /* TextViewController.swift */ = {isa = PBXFileReference; fileEncoding = 4; lastKnownFileType = sourcecode.swift; path = TextViewController.swift; sourceTree = "<group>"; };
		81B0C5C52644A88C006AB209 /* Base */ = {isa = PBXFileReference; lastKnownFileType = file.storyboard; name = Base; path = Base.lproj/Main.storyboard; sourceTree = "<group>"; };
		81B0C5C72644A88C006AB209 /* CGImagePropertyOrientation+UIImageOrientation.swift */ = {isa = PBXFileReference; fileEncoding = 4; lastKnownFileType = sourcecode.swift; path = "CGImagePropertyOrientation+UIImageOrientation.swift"; sourceTree = "<group>"; };
		81B0C5C92644A88C006AB209 /* Assets.xcassets */ = {isa = PBXFileReference; lastKnownFileType = folder.assetcatalog; path = Assets.xcassets; sourceTree = "<group>"; };
		81B0C5CB2644A88C006AB209 /* Base */ = {isa = PBXFileReference; lastKnownFileType = file.storyboard; name = Base; path = Base.lproj/LaunchScreen.storyboard; sourceTree = "<group>"; };
		81B0C5CC2644A88C006AB209 /* AppDelegate.swift */ = {isa = PBXFileReference; fileEncoding = 4; lastKnownFileType = sourcecode.swift; path = AppDelegate.swift; sourceTree = "<group>"; };
		81B0C5DA2644A8AC006AB209 /* Info.plist */ = {isa = PBXFileReference; fileEncoding = 4; lastKnownFileType = text.plist.xml; path = Info.plist; sourceTree = "<group>"; };
		81B0C5E02644A974006AB209 /* ToEatOrNot!.app */ = {isa = PBXFileReference; explicitFileType = wrapper.application; includeInIndex = 0; path = "ToEatOrNot!.app"; sourceTree = BUILT_PRODUCTS_DIR; };
/* End PBXFileReference section */

/* Begin PBXFrameworksBuildPhase section */
		81B0C59C2644A84F006AB209 /* Frameworks */ = {
			isa = PBXFrameworksBuildPhase;
			buildActionMask = 2147483647;
			files = (
			);
			runOnlyForDeploymentPostprocessing = 0;
		};
/* End PBXFrameworksBuildPhase section */

/* Begin PBXGroup section */
		81B0C5962644A84F006AB209 = {
			isa = PBXGroup;
			children = (
				81B0C5E02644A974006AB209 /* ToEatOrNot!.app */,
				81B0C5B82644A88C006AB209 /* Main storyboard */,
			);
			sourceTree = "<group>";
		};
		81B0C5B82644A88C006AB209 /* Main storyboard */ = {
			isa = PBXGroup;
			children = (
				81B0C5DA2644A8AC006AB209 /* Info.plist */,
				81B0C5B92644A88C006AB209 /* Classification */,
				81B0C5C02644A88C006AB209 /* View Controllers */,
				81B0C5C42644A88C006AB209 /* Main.storyboard */,
				81B0C5C62644A88C006AB209 /* Extensions */,
				81B0C5C82644A88C006AB209 /* Supporting files */,
				81B0C5CC2644A88C006AB209 /* AppDelegate.swift */,
			);
			path = "Main storyboard";
			sourceTree = "<group>";
		};
		81B0C5B92644A88C006AB209 /* Classification */ = {
			isa = PBXGroup;
			children = (
				81B0C5BA2644A88C006AB209 /* Models */,
				81B0C5BE2644A88C006AB209 /* ImageClassificationService.swift */,
				81B0C5BF2644A88C006AB209 /* Prediction.swift */,
			);
			path = Classification;
			sourceTree = "<group>";
		};
		81B0C5BA2644A88C006AB209 /* Models */ = {
			isa = PBXGroup;
			children = (
				81B0C5BB2644A88C006AB209 /* FoodTextClassifier.mlmodel */,
				81B0C5BC2644A88C006AB209 /* FoodTextClassifier 1.mlmodel */,
				81B0C5BD2644A88C006AB209 /* FoodImageClassifier 1.mlmodel */,
			);
			path = Models;
			sourceTree = "<group>";
		};
		81B0C5BB2644A88C006AB209 /* FoodTextClassifier.mlmodel */ = {
			isa = PBXGroup;
			children = (
			);
			path = FoodTextClassifier.mlmodel;
			sourceTree = "<group>";
		};
		81B0C5C02644A88C006AB209 /* View Controllers */ = {
			isa = PBXGroup;
			children = (
				81B0C5C12644A88C006AB209 /* ImageViewController.swift */,
				81B0C5C22644A88C006AB209 /* DataTableViewController.swift */,
				81B0C5C32644A88C006AB209 /* TextViewController.swift */,
			);
			path = "View Controllers";
			sourceTree = "<group>";
		};
		81B0C5C62644A88C006AB209 /* Extensions */ = {
			isa = PBXGroup;
			children = (
				81B0C5C72644A88C006AB209 /* CGImagePropertyOrientation+UIImageOrientation.swift */,
			);
			path = Extensions;
			sourceTree = "<group>";
		};
		81B0C5C82644A88C006AB209 /* Supporting files */ = {
			isa = PBXGroup;
			children = (
				81B0C5C92644A88C006AB209 /* Assets.xcassets */,
				81B0C5CA2644A88C006AB209 /* LaunchScreen.storyboard */,
			);
			path = "Supporting files";
			sourceTree = "<group>";
		};
/* End PBXGroup section */

/* Begin PBXNativeTarget section */
		81B0C59E2644A84F006AB209 /* ToEatOrNot! */ = {
			isa = PBXNativeTarget;
			buildConfigurationList = 81B0C5B32644A853006AB209 /* Build configuration list for PBXNativeTarget "ToEatOrNot!" */;
			buildPhases = (
				81B0C59B2644A84F006AB209 /* Sources */,
				81B0C59C2644A84F006AB209 /* Frameworks */,
				81B0C59D2644A84F006AB209 /* Resources */,
			);
			buildRules = (
			);
			dependencies = (
			);
			name = "ToEatOrNot!";
			productName = "ToEatOrNot!";
			productReference = 81B0C5E02644A974006AB209 /* ToEatOrNot!.app */;
			productType = "com.apple.product-type.application";
		};
/* End PBXNativeTarget section */

/* Begin PBXProject section */
		81B0C5972644A84F006AB209 /* Project object */ = {
			isa = PBXProject;
			attributes = {
				LastSwiftUpdateCheck = 1240;
				LastUpgradeCheck = 1240;
				TargetAttributes = {
					81B0C59E2644A84F006AB209 = {
						CreatedOnToolsVersion = 12.4;
					};
				};
			};
			buildConfigurationList = 81B0C59A2644A84F006AB209 /* Build configuration list for PBXProject "ToEatOrNot!" */;
			compatibilityVersion = "Xcode 9.3";
			developmentRegion = en;
			hasScannedForEncodings = 0;
			knownRegions = (
				en,
				Base,
			);
			mainGroup = 81B0C5962644A84F006AB209;
			productRefGroup = 81B0C5962644A84F006AB209;
			projectDirPath = "";
			projectRoot = "";
			targets = (
				81B0C59E2644A84F006AB209 /* ToEatOrNot! */,
			);
		};
/* End PBXProject section */

/* Begin PBXResourcesBuildPhase section */
		81B0C59D2644A84F006AB209 /* Resources */ = {
			isa = PBXResourcesBuildPhase;
			buildActionMask = 2147483647;
			files = (
				81B0C5DB2644A8AC006AB209 /* Info.plist in Resources */,
				81B0C5D72644A88C006AB209 /* LaunchScreen.storyboard in Resources */,
				81B0C5D62644A88C006AB209 /* Assets.xcassets in Resources */,
				81B0C5D42644A88C006AB209 /* Main.storyboard in Resources */,
			);
			runOnlyForDeploymentPostprocessing = 0;
		};
/* End PBXResourcesBuildPhase section */

/* Begin PBXSourcesBuildPhase section */
		81B0C59B2644A84F006AB209 /* Sources */ = {
			isa = PBXSourcesBuildPhase;
			buildActionMask = 2147483647;
			files = (
				81B0C5D02644A88C006AB209 /* Prediction.swift in Sources */,
				81B0C5D22644A88C006AB209 /* DataTableViewController.swift in Sources */,
				81B0C5CE2644A88C006AB209 /* FoodImageClassifier 1.mlmodel in Sources */,
				81B0C5D82644A88C006AB209 /* AppDelegate.swift in Sources */,
				81B0C5D12644A88C006AB209 /* ImageViewController.swift in Sources */,
				81B0C5D52644A88C006AB209 /* CGImagePropertyOrientation+UIImageOrientation.swift in Sources */,
				81B0C5CD2644A88C006AB209 /* FoodTextClassifier 1.mlmodel in Sources */,
				81B0C5D32644A88C006AB209 /* TextViewController.swift in Sources */,
				81B0C5CF2644A88C006AB209 /* ImageClassificationService.swift in Sources */,
			);
			runOnlyForDeploymentPostprocessing = 0;
		};
/* End PBXSourcesBuildPhase section */

/* Begin PBXVariantGroup section */
		81B0C5C42644A88C006AB209 /* Main.storyboard */ = {
			isa = PBXVariantGroup;
			children = (
				81B0C5C52644A88C006AB209 /* Base */,
			);
			name = Main.storyboard;
			sourceTree = "<group>";
		};
		81B0C5CA2644A88C006AB209 /* LaunchScreen.storyboard */ = {
			isa = PBXVariantGroup;
			children = (
				81B0C5CB2644A88C006AB209 /* Base */,
			);
			name = LaunchScreen.storyboard;
			sourceTree = "<group>";
		};
/* End PBXVariantGroup section */

/* Begin XCBuildConfiguration section */
		81B0C5B12644A853006AB209 /* Debug */ = {
			isa = XCBuildConfiguration;
			buildSettings = {
				ALWAYS_SEARCH_USER_PATHS = NO;
				CLANG_ANALYZER_NONNULL = YES;
				CLANG_ANALYZER_NUMBER_OBJECT_CONVERSION = YES_AGGRESSIVE;
				CLANG_CXX_LANGUAGE_STANDARD = "gnu++14";
				CLANG_CXX_LIBRARY = "libc++";
				CLANG_ENABLE_MODULES = YES;
				CLANG_ENABLE_OBJC_ARC = YES;
				CLANG_ENABLE_OBJC_WEAK = YES;
				CLANG_WARN_BLOCK_CAPTURE_AUTORELEASING = YES;
				CLANG_WARN_BOOL_CONVERSION = YES;
				CLANG_WARN_COMMA = YES;
				CLANG_WARN_CONSTANT_CONVERSION = YES;
				CLANG_WARN_DEPRECATED_OBJC_IMPLEMENTATIONS = YES;
				CLANG_WARN_DIRECT_OBJC_ISA_USAGE = YES_ERROR;
				CLANG_WARN_DOCUMENTATION_COMMENTS = YES;
				CLANG_WARN_EMPTY_BODY = YES;
				CLANG_WARN_ENUM_CONVERSION = YES;
				CLANG_WARN_INFINITE_RECURSION = YES;
				CLANG_WARN_INT_CONVERSION = YES;
				CLANG_WARN_NON_LITERAL_NULL_CONVERSION = YES;
				CLANG_WARN_OBJC_IMPLICIT_RETAIN_SELF = YES;
				CLANG_WARN_OBJC_LITERAL_CONVERSION = YES;
				CLANG_WARN_OBJC_ROOT_CLASS = YES_ERROR;
				CLANG_WARN_QUOTED_INCLUDE_IN_FRAMEWORK_HEADER = YES;
				CLANG_WARN_RANGE_LOOP_ANALYSIS = YES;
				CLANG_WARN_STRICT_PROTOTYPES = YES;
				CLANG_WARN_SUSPICIOUS_MOVE = YES;
				CLANG_WARN_UNGUARDED_AVAILABILITY = YES_AGGRESSIVE;
				CLANG_WARN_UNREACHABLE_CODE = YES;
				CLANG_WARN__DUPLICATE_METHOD_MATCH = YES;
				COPY_PHASE_STRIP = NO;
				DEBUG_INFORMATION_FORMAT = dwarf;
				ENABLE_STRICT_OBJC_MSGSEND = YES;
				ENABLE_TESTABILITY = YES;
				GCC_C_LANGUAGE_STANDARD = gnu11;
				GCC_DYNAMIC_NO_PIC = NO;
				GCC_NO_COMMON_BLOCKS = YES;
				GCC_OPTIMIZATION_LEVEL = 0;
				GCC_PREPROCESSOR_DEFINITIONS = (
					"DEBUG=1",
					"$(inherited)",
				);
				GCC_WARN_64_TO_32_BIT_CONVERSION = YES;
				GCC_WARN_ABOUT_RETURN_TYPE = YES_ERROR;
				GCC_WARN_UNDECLARED_SELECTOR = YES;
				GCC_WARN_UNINITIALIZED_AUTOS = YES_AGGRESSIVE;
				GCC_WARN_UNUSED_FUNCTION = YES;
				GCC_WARN_UNUSED_VARIABLE = YES;
				IPHONEOS_DEPLOYMENT_TARGET = 14.4;
				MTL_ENABLE_DEBUG_INFO = INCLUDE_SOURCE;
				MTL_FAST_MATH = YES;
				ONLY_ACTIVE_ARCH = YES;
				SDKROOT = iphoneos;
				SWIFT_ACTIVE_COMPILATION_CONDITIONS = DEBUG;
				SWIFT_OPTIMIZATION_LEVEL = "-Onone";
			};
			name = Debug;
		};
		81B0C5B22644A853006AB209 /* Release */ = {
			isa = XCBuildConfiguration;
			buildSettings = {
				ALWAYS_SEARCH_USER_PATHS = NO;
				CLANG_ANALYZER_NONNULL = YES;
				CLANG_ANALYZER_NUMBER_OBJECT_CONVERSION = YES_AGGRESSIVE;
				CLANG_CXX_LANGUAGE_STANDARD = "gnu++14";
				CLANG_CXX_LIBRARY = "libc++";
				CLANG_ENABLE_MODULES = YES;
				CLANG_ENABLE_OBJC_ARC = YES;
				CLANG_ENABLE_OBJC_WEAK = YES;
				CLANG_WARN_BLOCK_CAPTURE_AUTORELEASING = YES;
				CLANG_WARN_BOOL_CONVERSION = YES;
				CLANG_WARN_COMMA = YES;
				CLANG_WARN_CONSTANT_CONVERSION = YES;
				CLANG_WARN_DEPRECATED_OBJC_IMPLEMENTATIONS = YES;
				CLANG_WARN_DIRECT_OBJC_ISA_USAGE = YES_ERROR;
				CLANG_WARN_DOCUMENTATION_COMMENTS = YES;
				CLANG_WARN_EMPTY_BODY = YES;
				CLANG_WARN_ENUM_CONVERSION = YES;
				CLANG_WARN_INFINITE_RECURSION = YES;
				CLANG_WARN_INT_CONVERSION = YES;
				CLANG_WARN_NON_LITERAL_NULL_CONVERSION = YES;
				CLANG_WARN_OBJC_IMPLICIT_RETAIN_SELF = YES;
				CLANG_WARN_OBJC_LITERAL_CONVERSION = YES;
				CLANG_WARN_OBJC_ROOT_CLASS = YES_ERROR;
				CLANG_WARN_QUOTED_INCLUDE_IN_FRAMEWORK_HEADER = YES;
				CLANG_WARN_RANGE_LOOP_ANALYSIS = YES;
				CLANG_WARN_STRICT_PROTOTYPES = YES;
				CLANG_WARN_SUSPICIOUS_MOVE = YES;
				CLANG_WARN_UNGUARDED_AVAILABILITY = YES_AGGRESSIVE;
				CLANG_WARN_UNREACHABLE_CODE = YES;
				CLANG_WARN__DUPLICATE_METHOD_MATCH = YES;
				COPY_PHASE_STRIP = NO;
				DEBUG_INFORMATION_FORMAT = "dwarf-with-dsym";
				ENABLE_NS_ASSERTIONS = NO;
				ENABLE_STRICT_OBJC_MSGSEND = YES;
				GCC_C_LANGUAGE_STANDARD = gnu11;
				GCC_NO_COMMON_BLOCKS = YES;
				GCC_WARN_64_TO_32_BIT_CONVERSION = YES;
				GCC_WARN_ABOUT_RETURN_TYPE = YES_ERROR;
				GCC_WARN_UNDECLARED_SELECTOR = YES;
				GCC_WARN_UNINITIALIZED_AUTOS = YES_AGGRESSIVE;
				GCC_WARN_UNUSED_FUNCTION = YES;
				GCC_WARN_UNUSED_VARIABLE = YES;
				IPHONEOS_DEPLOYMENT_TARGET = 14.4;
				MTL_ENABLE_DEBUG_INFO = NO;
				MTL_FAST_MATH = YES;
				SDKROOT = iphoneos;
				SWIFT_COMPILATION_MODE = wholemodule;
				SWIFT_OPTIMIZATION_LEVEL = "-O";
				VALIDATE_PRODUCT = YES;
			};
			name = Release;
		};
		81B0C5B42644A853006AB209 /* Debug */ = {
			isa = XCBuildConfiguration;
			buildSettings = {
				ASSETCATALOG_COMPILER_APPICON_NAME = AppIcon;
				ASSETCATALOG_COMPILER_GLOBAL_ACCENT_COLOR_NAME = AccentColor;
				CODE_SIGN_STYLE = Automatic;
				DEVELOPMENT_TEAM = V92NPBQLYK;
				INFOPLIST_FILE = "/Users/riddhipatel/Desktop/ToEatOrNot!/Main storyboard/Info.plist";
				LD_RUNPATH_SEARCH_PATHS = (
					"$(inherited)",
					"@executable_path/Frameworks",
				);
				PRODUCT_BUNDLE_IDENTIFIER = "com.abhay.ToEatOrNot-";
				PRODUCT_NAME = "$(TARGET_NAME)";
				SWIFT_VERSION = 5.0;
				TARGETED_DEVICE_FAMILY = "1,2";
			};
			name = Debug;
		};
		81B0C5B52644A853006AB209 /* Release */ = {
			isa = XCBuildConfiguration;
			buildSettings = {
				ASSETCATALOG_COMPILER_APPICON_NAME = AppIcon;
				ASSETCATALOG_COMPILER_GLOBAL_ACCENT_COLOR_NAME = AccentColor;
				CODE_SIGN_STYLE = Automatic;
				DEVELOPMENT_TEAM = V92NPBQLYK;
				INFOPLIST_FILE = "/Users/riddhipatel/Desktop/ToEatOrNot!/Main storyboard/Info.plist";
				LD_RUNPATH_SEARCH_PATHS = (
					"$(inherited)",
					"@executable_path/Frameworks",
				);
				PRODUCT_BUNDLE_IDENTIFIER = "com.abhay.ToEatOrNot-";
				PRODUCT_NAME = "$(TARGET_NAME)";
				SWIFT_VERSION = 5.0;
				TARGETED_DEVICE_FAMILY = "1,2";
			};
			name = Release;
		};
/* End XCBuildConfiguration section */

/* Begin XCConfigurationList section */
		81B0C59A2644A84F006AB209 /* Build configuration list for PBXProject "ToEatOrNot!" */ = {
			isa = XCConfigurationList;
			buildConfigurations = (
				81B0C5B12644A853006AB209 /* Debug */,
				81B0C5B22644A853006AB209 /* Release */,
			);
			defaultConfigurationIsVisible = 0;
			defaultConfigurationName = Release;
		};
		81B0C5B32644A853006AB209 /* Build configuration list for PBXNativeTarget "ToEatOrNot!" */ = {
			isa = XCConfigurationList;
			buildConfigurations = (
				81B0C5B42644A853006AB209 /* Debug */,
				81B0C5B52644A853006AB209 /* Release */,
			);
			defaultConfigurationIsVisible = 0;
			defaultConfigurationName = Release;
		};
/* End XCConfigurationList section */
	};
	rootObject = 81B0C5972644A84F006AB209 /* Project object */;
}
